
Microsoft Visual Studio Solution File, Format Version 12.00
# Visual Studio 15
VisualStudioVersion = 15.0.28307.168
MinimumVisualStudioVersion = 10.0.40219.1
Project("{FAE04EC0-301F-11D3-BF4B-00C04F79EFBC}") = "BankApp.Main", "BankApp\BankApp.Main.csproj", "{9581108C-D9A7-4784-BC2C-2DA16F4EC2C2}"
EndProject
Project("{FAE04EC0-301F-11D3-BF4B-00C04F79EFBC}") = "BankApp.Interfaces", "BankApp.Interfaces\BankApp.Interfaces.csproj", "{FDAF632D-5242-42E0-97BC-BAC97DBA4932}"
EndProject
Project("{FAE04EC0-301F-11D3-BF4B-00C04F79EFBC}") = "BankApp.Models", "BankApp.Models\BankApp.Models.csproj", "{3B33BBD4-A6A9-475A-B508-48749A5BEBF5}"
EndProject
Global
	GlobalSection(SolutionConfigurationPlatforms) = preSolution
		Debug|Any CPU = Debug|Any CPU
		Release|Any CPU = Release|Any CPU
	EndGlobalSection
	GlobalSection(ProjectConfigurationPlatforms) = postSolution
		{9581108C-D9A7-4784-BC2C-2DA16F4EC2C2}.Debug|Any CPU.ActiveCfg = Debug|Any CPU
		{9581108C-D9A7-4784-BC2C-2DA16F4EC2C2}.Debug|Any CPU.Build.0 = Debug|Any CPU
		{9581108C-D9A7-4784-BC2C-2DA16F4EC2C2}.Release|Any CPU.ActiveCfg = Release|Any CPU
		{9581108C-D9A7-4784-BC2C-2DA16F4EC2C2}.Release|Any CPU.Build.0 = Release|Any CPU
		{FDAF632D-5242-42E0-97BC-BAC97DBA4932}.Debug|Any CPU.ActiveCfg = Debug|Any CPU
		{FDAF632D-5242-42E0-97BC-BAC97DBA4932}.Debug|Any CPU.Build.0 = Debug|Any CPU
		{FDAF632D-5242-42E0-97BC-BAC97DBA4932}.Release|Any CPU.ActiveCfg = Release|Any CPU
		{FDAF632D-5242-42E0-97BC-BAC97DBA4932}.Release|Any CPU.Build.0 = Release|Any CPU
		{3B33BBD4-A6A9-475A-B508-48749A5BEBF5}.Debug|Any CPU.ActiveCfg = Debug|Any CPU
		{3B33BBD4-A6A9-475A-B508-48749A5BEBF5}.Debug|Any CPU.Build.0 = Debug|Any CPU
		{3B33BBD4-A6A9-475A-B508-48749A5BEBF5}.Release|Any CPU.ActiveCfg = Release|Any CPU
		{3B33BBD4-A6A9-475A-B508-48749A5BEBF5}.Release|Any CPU.Build.0 = Release|Any CPU
	EndGlobalSection
	GlobalSection(SolutionProperties) = preSolution
		HideSolutionNode = FALSE
	EndGlobalSection
	GlobalSection(ExtensibilityGlobals) = postSolution
		SolutionGuid = {A8B5824C-94E9-4A1E-9068-C501139948F4}
	EndGlobalSection
EndGlobal
